{
  "requires": true,
  "lockfileVersion": 1,
  "dependencies": {
    "child-replace-with-polyfill": {
      "version": "1.0.1",
      "resolved": "https://registry.npmjs.org/child-replace-with-polyfill/-/child-replace-with-polyfill-1.0.1.tgz",
      "integrity": "sha512-BlTZAW4YN/rb5H/LkQC9h8i/PaylFkbTPs5z0xx/j3aje/2iQqfykfYMZY9O6herPhu3DB1fG6SmJa6LtolcnQ=="
    },
    "formdata-polyfill": {
      "version": "3.0.18",
      "resolved": "https://registry.npmjs.org/formdata-polyfill/-/formdata-polyfill-3.0.18.tgz",
      "integrity": "sha512-qydEiPA/DWm1reRCfBJyFHs/wQhjvjoQjN8P/FatoaZJ+Efc/1kVwrHPR7Ek+BuIGINr26mHXT9KpR5WYmWZww=="
    },
    "mdn-polyfills": {
      "version": "5.17.0",
      "resolved": "https://registry.npmjs.org/mdn-polyfills/-/mdn-polyfills-5.17.0.tgz",
      "integrity": "sha512-KntYq3r7jQ3lqjGvQ+1zIv6Yvlt+G3Y3TngDZqzSB7SNBjW7IZ8WyrhHM4LyLWzgUVX53DrC2XR7cymQqbTFkw=="
    },
    "url-search-params-polyfill": {
      "version": "6.0.0",
      "resolved": "https://registry.npmjs.org/url-search-params-polyfill/-/url-search-params-polyfill-6.0.0.tgz",
      "integrity": "sha512-69Bl5s3SiEgcHe8SMpzLGOyag27BQeTeSaP/CfVHkKc/VdUHtNjaP2PnhshFVC021221ItueOzuMMGofZ/HDmQ=="
    }
  }
}
